
Microsoft Visual Studio Solution File, Format Version 12.00
# Visual Studio 15
VisualStudioVersion = 15.0.28010.2026
MinimumVisualStudioVersion = 10.0.40219.1
Project("{FAE04EC0-301F-11D3-BF4B-00C04F79EFBC}") = "QnQ Bot", "QnQ Bot\QnQ Bot.csproj", "{7B73A212-7058-47A8-BD3D-55CC513FEAFC}"
EndProject
Global
	GlobalSection(SolutionConfigurationPlatforms) = preSolution
		Debug|Any CPU = Debug|Any CPU
		Release|Any CPU = Release|Any CPU
	EndGlobalSection
	GlobalSection(ProjectConfigurationPlatforms) = postSolution
		{7B73A212-7058-47A8-BD3D-55CC513FEAFC}.Debug|Any CPU.ActiveCfg = Debug|Any CPU
		{7B73A212-7058-47A8-BD3D-55CC513FEAFC}.Debug|Any CPU.Build.0 = Debug|Any CPU
		{7B73A212-7058-47A8-BD3D-55CC513FEAFC}.Release|Any CPU.ActiveCfg = Release|Any CPU
		{7B73A212-7058-47A8-BD3D-55CC513FEAFC}.Release|Any CPU.Build.0 = Release|Any CPU
	EndGlobalSection
	GlobalSection(SolutionProperties) = preSolution
		HideSolutionNode = FALSE
	EndGlobalSection
	GlobalSection(ExtensibilityGlobals) = postSolution
		SolutionGuid = {560B3300-5B6B-465D-9EC1-728BA258EBEE}
	EndGlobalSection
EndGlobal
